
Microsoft Visual Studio Solution File, Format Version 12.00
Project("{FAE04EC0-301F-11D3-BF4B-00C04F79EFBC}") = "BasicsDBApplication", "BasicsDBApplication\BasicsDBApplication.csproj", "{654416D1-46F2-4796-8906-E689B00ED737}"
EndProject
Global
	GlobalSection(SolutionConfigurationPlatforms) = preSolution
		Debug|Any CPU = Debug|Any CPU
		Release|Any CPU = Release|Any CPU
	EndGlobalSection
	GlobalSection(ProjectConfigurationPlatforms) = postSolution
		{654416D1-46F2-4796-8906-E689B00ED737}.Debug|Any CPU.ActiveCfg = Debug|Any CPU
		{654416D1-46F2-4796-8906-E689B00ED737}.Debug|Any CPU.Build.0 = Debug|Any CPU
		{654416D1-46F2-4796-8906-E689B00ED737}.Release|Any CPU.ActiveCfg = Release|Any CPU
		{654416D1-46F2-4796-8906-E689B00ED737}.Release|Any CPU.Build.0 = Release|Any CPU
	EndGlobalSection
EndGlobal
